
Microsoft Visual Studio Solution File, Format Version 12.00
# Visual Studio 14
VisualStudioVersion = 14.0.25420.1
MinimumVisualStudioVersion = 10.0.40219.1
Project("{2150E333-8FDC-42A3-9474-1A3956D46DE8}") = "ABPBLOG.CORE", "ABPBLOG.CORE", "{AC159DDF-0FE0-466A-8B12-28D4CE0D69B1}"
EndProject
Project("{2150E333-8FDC-42A3-9474-1A3956D46DE8}") = "ABPBLOG.WEB", "ABPBLOG.WEB", "{4FC6A9C8-572E-4961-BB92-469DD7A2CA46}"
EndProject
Project("{2150E333-8FDC-42A3-9474-1A3956D46DE8}") = "ABPBLOG.WEBAPI", "ABPBLOG.WEBAPI", "{B1532DE5-000E-4881-AFAB-7A28E6D04F91}"
EndProject
Project("{2150E333-8FDC-42A3-9474-1A3956D46DE8}") = "ABPBLOG.APPLACTION", "ABPBLOG.APPLACTION", "{F0FBCE80-86AF-4F1E-946C-392035DFB76D}"
EndProject
Project("{2150E333-8FDC-42A3-9474-1A3956D46DE8}") = "ABPBLOG.DB", "ABPBLOG.DB", "{CBB9212E-1755-4868-87EE-C8B64D4AAB12}"
EndProject
Project("{FAE04EC0-301F-11D3-BF4B-00C04F79EFBC}") = "ABPBLOG", "ABPBLOG\ABPBLOG.csproj", "{C170C123-88D0-4F1A-A14B-73C5E2107DB4}"
EndProject
Project("{2150E333-8FDC-42A3-9474-1A3956D46DE8}") = "Entity", "Entity", "{988279A8-84D3-448F-A76A-DB15EE3C4AFF}"
EndProject
Project("{2150E333-8FDC-42A3-9474-1A3956D46DE8}") = "Repository", "Repository", "{85EF2613-8F85-48D2-87B0-F9FE112C7BA7}"
EndProject
Project("{FAE04EC0-301F-11D3-BF4B-00C04F79EFBC}") = "ABPCommon", "ABPCommon\ABPCommon.csproj", "{1DADDD18-444B-42D7-A6E2-9CA08758B7D7}"
EndProject
Project("{FAE04EC0-301F-11D3-BF4B-00C04F79EFBC}") = "ABPBLOGRepository", "ABPBLOGRepository\ABPBLOGRepository.csproj", "{58C9B272-1042-4D93-AE00-B00FE2404694}"
EndProject
Project("{2150E333-8FDC-42A3-9474-1A3956D46DE8}") = "ABPBLOG.RESOURE", "ABPBLOG.RESOURE", "{70DEE4AE-14A0-4789-A836-8C53AE04707F}"
EndProject
Global
	GlobalSection(SolutionConfigurationPlatforms) = preSolution
		Debug|Any CPU = Debug|Any CPU
		Release|Any CPU = Release|Any CPU
	EndGlobalSection
	GlobalSection(ProjectConfigurationPlatforms) = postSolution
		{C170C123-88D0-4F1A-A14B-73C5E2107DB4}.Debug|Any CPU.ActiveCfg = Debug|Any CPU
		{C170C123-88D0-4F1A-A14B-73C5E2107DB4}.Debug|Any CPU.Build.0 = Debug|Any CPU
		{C170C123-88D0-4F1A-A14B-73C5E2107DB4}.Release|Any CPU.ActiveCfg = Release|Any CPU
		{C170C123-88D0-4F1A-A14B-73C5E2107DB4}.Release|Any CPU.Build.0 = Release|Any CPU
		{1DADDD18-444B-42D7-A6E2-9CA08758B7D7}.Debug|Any CPU.ActiveCfg = Debug|Any CPU
		{1DADDD18-444B-42D7-A6E2-9CA08758B7D7}.Debug|Any CPU.Build.0 = Debug|Any CPU
		{1DADDD18-444B-42D7-A6E2-9CA08758B7D7}.Release|Any CPU.ActiveCfg = Release|Any CPU
		{1DADDD18-444B-42D7-A6E2-9CA08758B7D7}.Release|Any CPU.Build.0 = Release|Any CPU
		{58C9B272-1042-4D93-AE00-B00FE2404694}.Debug|Any CPU.ActiveCfg = Debug|Any CPU
		{58C9B272-1042-4D93-AE00-B00FE2404694}.Debug|Any CPU.Build.0 = Debug|Any CPU
		{58C9B272-1042-4D93-AE00-B00FE2404694}.Release|Any CPU.ActiveCfg = Release|Any CPU
		{58C9B272-1042-4D93-AE00-B00FE2404694}.Release|Any CPU.Build.0 = Release|Any CPU
	EndGlobalSection
	GlobalSection(SolutionProperties) = preSolution
		HideSolutionNode = FALSE
	EndGlobalSection
	GlobalSection(NestedProjects) = preSolution
		{C170C123-88D0-4F1A-A14B-73C5E2107DB4} = {4FC6A9C8-572E-4961-BB92-469DD7A2CA46}
		{988279A8-84D3-448F-A76A-DB15EE3C4AFF} = {CBB9212E-1755-4868-87EE-C8B64D4AAB12}
		{85EF2613-8F85-48D2-87B0-F9FE112C7BA7} = {CBB9212E-1755-4868-87EE-C8B64D4AAB12}
		{1DADDD18-444B-42D7-A6E2-9CA08758B7D7} = {AC159DDF-0FE0-466A-8B12-28D4CE0D69B1}
		{58C9B272-1042-4D93-AE00-B00FE2404694} = {85EF2613-8F85-48D2-87B0-F9FE112C7BA7}
	EndGlobalSection
EndGlobal
