
Microsoft Visual Studio Solution File, Format Version 12.00
# Visual Studio 14
VisualStudioVersion = 14.0.25420.1
MinimumVisualStudioVersion = 10.0.40219.1
Project("{2150E333-8FDC-42A3-9474-1A3956D46DE8}") = "ABPBLOG.CORE", "ABPBLOG.CORE", "{AC159DDF-0FE0-466A-8B12-28D4CE0D69B1}"
EndProject
Project("{2150E333-8FDC-42A3-9474-1A3956D46DE8}") = "ABPBLOG.WEB", "ABPBLOG.WEB", "{4FC6A9C8-572E-4961-BB92-469DD7A2CA46}"
EndProject
Project("{2150E333-8FDC-42A3-9474-1A3956D46DE8}") = "ABPBLOG.WEBAPI", "ABPBLOG.WEBAPI", "{B1532DE5-000E-4881-AFAB-7A28E6D04F91}"
EndProject
Project("{2150E333-8FDC-42A3-9474-1A3956D46DE8}") = "ABPBLOG.APPLACTION", "ABPBLOG.APPLACTION", "{F0FBCE80-86AF-4F1E-946C-392035DFB76D}"
EndProject
Project("{2150E333-8FDC-42A3-9474-1A3956D46DE8}") = "ABPBLOG.DB", "ABPBLOG.DB", "{CBB9212E-1755-4868-87EE-C8B64D4AAB12}"
EndProject
Global
	GlobalSection(SolutionProperties) = preSolution
		HideSolutionNode = FALSE
	EndGlobalSection
EndGlobal
