
Microsoft Visual Studio Solution File, Format Version 12.00
# Visual Studio 14
VisualStudioVersion = 14.0.25420.1
MinimumVisualStudioVersion = 10.0.40219.1
Project("{2150E333-8FDC-42A3-9474-1A3956D46DE8}") = "ABPBLOG.CORE", "ABPBLOG.CORE", "{AC159DDF-0FE0-466A-8B12-28D4CE0D69B1}"
EndProject
Project("{2150E333-8FDC-42A3-9474-1A3956D46DE8}") = "ABPBLOG.WEB", "ABPBLOG.WEB", "{4FC6A9C8-572E-4961-BB92-469DD7A2CA46}"
EndProject
Project("{2150E333-8FDC-42A3-9474-1A3956D46DE8}") = "ABPBLOG.WEBAPI", "ABPBLOG.WEBAPI", "{B1532DE5-000E-4881-AFAB-7A28E6D04F91}"
EndProject
Project("{2150E333-8FDC-42A3-9474-1A3956D46DE8}") = "ABPBLOG.APPLACTION", "ABPBLOG.APPLACTION", "{F0FBCE80-86AF-4F1E-946C-392035DFB76D}"
EndProject
Project("{FAE04EC0-301F-11D3-BF4B-00C04F79EFBC}") = "ABPBLOG", "ABPBLOG\ABPBLOG.csproj", "{C170C123-88D0-4F1A-A14B-73C5E2107DB4}"
EndProject
Project("{FAE04EC0-301F-11D3-BF4B-00C04F79EFBC}") = "ABPCommon", "ABPCommon\ABPCommon.csproj", "{1DADDD18-444B-42D7-A6E2-9CA08758B7D7}"
EndProject
Project("{2150E333-8FDC-42A3-9474-1A3956D46DE8}") = "ABPBLOG.RESOURE", "ABPBLOG.RESOURE", "{70DEE4AE-14A0-4789-A836-8C53AE04707F}"
EndProject
Project("{FAE04EC0-301F-11D3-BF4B-00C04F79EFBC}") = "ABPLOGDTO", "ABPLOGDTO\ABPLOGDTO.csproj", "{427142C4-43FA-441E-9A01-0C1643C8120B}"
EndProject
Project("{FAE04EC0-301F-11D3-BF4B-00C04F79EFBC}") = "ABPLOGMODEL", "ABPLOGMODEL\ABPLOGMODEL.csproj", "{7AEA3915-AE94-40B6-B85C-BEAC001A713D}"
EndProject
Project("{FAE04EC0-301F-11D3-BF4B-00C04F79EFBC}") = "ABPDtoprofile", "ABPDtoprofile\ABPDtoprofile.csproj", "{B754CEAD-3C3D-46B5-9EA7-2730DFE0D271}"
EndProject
Project("{2150E333-8FDC-42A3-9474-1A3956D46DE8}") = "ABPBLOG.Service", "ABPBLOG.Service", "{DA01C60B-E253-4C82-974A-6BE7E311B55C}"
EndProject
Project("{FAE04EC0-301F-11D3-BF4B-00C04F79EFBC}") = "IService", "IService\IService.csproj", "{127E68D8-4DDA-4895-B617-0B6B95208125}"
EndProject
Project("{FAE04EC0-301F-11D3-BF4B-00C04F79EFBC}") = "Service", "Service\Service.csproj", "{48FF41BA-FBF3-422C-BCF7-25108C754581}"
EndProject
Project("{2150E333-8FDC-42A3-9474-1A3956D46DE8}") = "ABPBLOG.Repository", "ABPBLOG.Repository", "{70ACD799-ABC7-4F4D-A3E8-37C06CCC631F}"
EndProject
Project("{FAE04EC0-301F-11D3-BF4B-00C04F79EFBC}") = "IRepository", "IRepository\IRepository.csproj", "{9EABA3B2-903D-49B8-8B3A-826404F76D14}"
EndProject
Project("{FAE04EC0-301F-11D3-BF4B-00C04F79EFBC}") = "Repository", "Repository\Repository.csproj", "{C30156E2-4A39-445A-880B-1EDC2259FD55}"
EndProject
Global
	GlobalSection(SolutionConfigurationPlatforms) = preSolution
		Debug|Any CPU = Debug|Any CPU
		Release|Any CPU = Release|Any CPU
	EndGlobalSection
	GlobalSection(ProjectConfigurationPlatforms) = postSolution
		{C170C123-88D0-4F1A-A14B-73C5E2107DB4}.Debug|Any CPU.ActiveCfg = Debug|Any CPU
		{C170C123-88D0-4F1A-A14B-73C5E2107DB4}.Debug|Any CPU.Build.0 = Debug|Any CPU
		{C170C123-88D0-4F1A-A14B-73C5E2107DB4}.Release|Any CPU.ActiveCfg = Release|Any CPU
		{C170C123-88D0-4F1A-A14B-73C5E2107DB4}.Release|Any CPU.Build.0 = Release|Any CPU
		{1DADDD18-444B-42D7-A6E2-9CA08758B7D7}.Debug|Any CPU.ActiveCfg = Debug|Any CPU
		{1DADDD18-444B-42D7-A6E2-9CA08758B7D7}.Debug|Any CPU.Build.0 = Debug|Any CPU
		{1DADDD18-444B-42D7-A6E2-9CA08758B7D7}.Release|Any CPU.ActiveCfg = Release|Any CPU
		{1DADDD18-444B-42D7-A6E2-9CA08758B7D7}.Release|Any CPU.Build.0 = Release|Any CPU
		{427142C4-43FA-441E-9A01-0C1643C8120B}.Debug|Any CPU.ActiveCfg = Debug|Any CPU
		{427142C4-43FA-441E-9A01-0C1643C8120B}.Debug|Any CPU.Build.0 = Debug|Any CPU
		{427142C4-43FA-441E-9A01-0C1643C8120B}.Release|Any CPU.ActiveCfg = Release|Any CPU
		{427142C4-43FA-441E-9A01-0C1643C8120B}.Release|Any CPU.Build.0 = Release|Any CPU
		{7AEA3915-AE94-40B6-B85C-BEAC001A713D}.Debug|Any CPU.ActiveCfg = Debug|Any CPU
		{7AEA3915-AE94-40B6-B85C-BEAC001A713D}.Debug|Any CPU.Build.0 = Debug|Any CPU
		{7AEA3915-AE94-40B6-B85C-BEAC001A713D}.Release|Any CPU.ActiveCfg = Release|Any CPU
		{7AEA3915-AE94-40B6-B85C-BEAC001A713D}.Release|Any CPU.Build.0 = Release|Any CPU
		{B754CEAD-3C3D-46B5-9EA7-2730DFE0D271}.Debug|Any CPU.ActiveCfg = Debug|Any CPU
		{B754CEAD-3C3D-46B5-9EA7-2730DFE0D271}.Debug|Any CPU.Build.0 = Debug|Any CPU
		{B754CEAD-3C3D-46B5-9EA7-2730DFE0D271}.Release|Any CPU.ActiveCfg = Release|Any CPU
		{B754CEAD-3C3D-46B5-9EA7-2730DFE0D271}.Release|Any CPU.Build.0 = Release|Any CPU
		{127E68D8-4DDA-4895-B617-0B6B95208125}.Debug|Any CPU.ActiveCfg = Debug|Any CPU
		{127E68D8-4DDA-4895-B617-0B6B95208125}.Debug|Any CPU.Build.0 = Debug|Any CPU
		{127E68D8-4DDA-4895-B617-0B6B95208125}.Release|Any CPU.ActiveCfg = Release|Any CPU
		{127E68D8-4DDA-4895-B617-0B6B95208125}.Release|Any CPU.Build.0 = Release|Any CPU
		{48FF41BA-FBF3-422C-BCF7-25108C754581}.Debug|Any CPU.ActiveCfg = Debug|Any CPU
		{48FF41BA-FBF3-422C-BCF7-25108C754581}.Debug|Any CPU.Build.0 = Debug|Any CPU
		{48FF41BA-FBF3-422C-BCF7-25108C754581}.Release|Any CPU.ActiveCfg = Release|Any CPU
		{48FF41BA-FBF3-422C-BCF7-25108C754581}.Release|Any CPU.Build.0 = Release|Any CPU
		{9EABA3B2-903D-49B8-8B3A-826404F76D14}.Debug|Any CPU.ActiveCfg = Debug|Any CPU
		{9EABA3B2-903D-49B8-8B3A-826404F76D14}.Debug|Any CPU.Build.0 = Debug|Any CPU
		{9EABA3B2-903D-49B8-8B3A-826404F76D14}.Release|Any CPU.ActiveCfg = Release|Any CPU
		{9EABA3B2-903D-49B8-8B3A-826404F76D14}.Release|Any CPU.Build.0 = Release|Any CPU
		{C30156E2-4A39-445A-880B-1EDC2259FD55}.Debug|Any CPU.ActiveCfg = Debug|Any CPU
		{C30156E2-4A39-445A-880B-1EDC2259FD55}.Debug|Any CPU.Build.0 = Debug|Any CPU
		{C30156E2-4A39-445A-880B-1EDC2259FD55}.Release|Any CPU.ActiveCfg = Release|Any CPU
		{C30156E2-4A39-445A-880B-1EDC2259FD55}.Release|Any CPU.Build.0 = Release|Any CPU
	EndGlobalSection
	GlobalSection(SolutionProperties) = preSolution
		HideSolutionNode = FALSE
	EndGlobalSection
	GlobalSection(NestedProjects) = preSolution
		{C170C123-88D0-4F1A-A14B-73C5E2107DB4} = {4FC6A9C8-572E-4961-BB92-469DD7A2CA46}
		{1DADDD18-444B-42D7-A6E2-9CA08758B7D7} = {AC159DDF-0FE0-466A-8B12-28D4CE0D69B1}
		{427142C4-43FA-441E-9A01-0C1643C8120B} = {F0FBCE80-86AF-4F1E-946C-392035DFB76D}
		{7AEA3915-AE94-40B6-B85C-BEAC001A713D} = {F0FBCE80-86AF-4F1E-946C-392035DFB76D}
		{B754CEAD-3C3D-46B5-9EA7-2730DFE0D271} = {F0FBCE80-86AF-4F1E-946C-392035DFB76D}
		{127E68D8-4DDA-4895-B617-0B6B95208125} = {DA01C60B-E253-4C82-974A-6BE7E311B55C}
		{48FF41BA-FBF3-422C-BCF7-25108C754581} = {DA01C60B-E253-4C82-974A-6BE7E311B55C}
		{9EABA3B2-903D-49B8-8B3A-826404F76D14} = {70ACD799-ABC7-4F4D-A3E8-37C06CCC631F}
		{C30156E2-4A39-445A-880B-1EDC2259FD55} = {70ACD799-ABC7-4F4D-A3E8-37C06CCC631F}
	EndGlobalSection
EndGlobal
